
Microsoft Visual Studio Solution File, Format Version 12.00
# Visual Studio 15
VisualStudioVersion = 15.0.27703.2042
MinimumVisualStudioVersion = 10.0.40219.1
Project("{FAE04EC0-301F-11D3-BF4B-00C04F79EFBC}") = "QuanLyHocSinh", "QuanLyHocSinh\QuanLyHocSinh.csproj", "{4116CE23-8D3E-4B95-B362-1AD36F174FA0}"
EndProject
Global
	GlobalSection(SolutionConfigurationPlatforms) = preSolution
		Debug|Any CPU = Debug|Any CPU
		Release|Any CPU = Release|Any CPU
	EndGlobalSection
	GlobalSection(ProjectConfigurationPlatforms) = postSolution
		{4116CE23-8D3E-4B95-B362-1AD36F174FA0}.Debug|Any CPU.ActiveCfg = Debug|Any CPU
		{4116CE23-8D3E-4B95-B362-1AD36F174FA0}.Debug|Any CPU.Build.0 = Debug|Any CPU
		{4116CE23-8D3E-4B95-B362-1AD36F174FA0}.Release|Any CPU.ActiveCfg = Release|Any CPU
		{4116CE23-8D3E-4B95-B362-1AD36F174FA0}.Release|Any CPU.Build.0 = Release|Any CPU
	EndGlobalSection
	GlobalSection(SolutionProperties) = preSolution
		HideSolutionNode = FALSE
	EndGlobalSection
	GlobalSection(ExtensibilityGlobals) = postSolution
		SolutionGuid = {66D6EB55-3432-4F6D-B2F3-561D4325771B}
	EndGlobalSection
EndGlobal
